
Microsoft Visual Studio Solution File, Format Version 12.00
# Visual Studio Version 16
VisualStudioVersion = 16.0.28922.388
MinimumVisualStudioVersion = 10.0.40219.1
Project("{9A19103F-16F7-4668-BE54-9A1E7A4F7556}") = "BooksApi", "BooksApi.csproj", "{A56E9C5F-8D68-480F-B156-DFFFF0564D76}"
EndProject
Global
	GlobalSection(SolutionConfigurationPlatforms) = preSolution
		Debug|Any CPU = Debug|Any CPU
		Release|Any CPU = Release|Any CPU
	EndGlobalSection
	GlobalSection(ProjectConfigurationPlatforms) = postSolution
		{A56E9C5F-8D68-480F-B156-DFFFF0564D76}.Debug|Any CPU.ActiveCfg = Debug|Any CPU
		{A56E9C5F-8D68-480F-B156-DFFFF0564D76}.Debug|Any CPU.Build.0 = Debug|Any CPU
		{A56E9C5F-8D68-480F-B156-DFFFF0564D76}.Release|Any CPU.ActiveCfg = Release|Any CPU
		{A56E9C5F-8D68-480F-B156-DFFFF0564D76}.Release|Any CPU.Build.0 = Release|Any CPU
	EndGlobalSection
	GlobalSection(SolutionProperties) = preSolution
		HideSolutionNode = FALSE
	EndGlobalSection
	GlobalSection(ExtensibilityGlobals) = postSolution
		SolutionGuid = {935E9C82-7391-4763-9D6A-08AC1B16ABE5}
	EndGlobalSection
EndGlobal
